// !$*UTF8*$!
{
	archiveVersion = 1;
	classes = {
	};
	objectVersion = 46;
	objects = {

/* Begin PBXBuildFile section */
		356067D51A2C236B00DB1857 /* AppDelegate.swift in Sources */ = {isa = PBXBuildFile; fileRef = 356067D41A2C236B00DB1857 /* AppDelegate.swift */; };
		356067D71A2C236B00DB1857 /* ViewController.swift in Sources */ = {isa = PBXBuildFile; fileRef = 356067D61A2C236B00DB1857 /* ViewController.swift */; };
		356067DA1A2C236B00DB1857 /* Main.storyboard in Resources */ = {isa = PBXBuildFile; fileRef = 356067D81A2C236B00DB1857 /* Main.storyboard */; };
		356067DC1A2C236B00DB1857 /* Images.xcassets in Resources */ = {isa = PBXBuildFile; fileRef = 356067DB1A2C236B00DB1857 /* Images.xcassets */; };
		356067DF1A2C236B00DB1857 /* LaunchScreen.xib in Resources */ = {isa = PBXBuildFile; fileRef = 356067DD1A2C236B00DB1857 /* LaunchScreen.xib */; };
		356067EB1A2C236B00DB1857 /* ShoeConverterTests.swift in Sources */ = {isa = PBXBuildFile; fileRef = 356067EA1A2C236B00DB1857 /* ShoeConverterTests.swift */; };
/* End PBXBuildFile section */

/* Begin PBXContainerItemProxy section */
		356067E51A2C236B00DB1857 /* PBXContainerItemProxy */ = {
			isa = PBXContainerItemProxy;
			containerPortal = 356067C71A2C236B00DB1857 /* Project object */;
			proxyType = 1;
			remoteGlobalIDString = 356067CE1A2C236B00DB1857;
			remoteInfo = ShoeConverter;
		};
/* End PBXContainerItemProxy section */

/* Begin PBXFileReference section */
		356067CF1A2C236B00DB1857 /* ShoeConverter.app */ = {isa = PBXFileReference; explicitFileType = wrapper.application; includeInIndex = 0; path = ShoeConverter.app; sourceTree = BUILT_PRODUCTS_DIR; };
		356067D31A2C236B00DB1857 /* Info.plist */ = {isa = PBXFileReference; lastKnownFileType = text.plist.xml; path = Info.plist; sourceTree = "<group>"; };
		356067D41A2C236B00DB1857 /* AppDelegate.swift */ = {isa = PBXFileReference; lastKnownFileType = sourcecode.swift; path = AppDelegate.swift; sourceTree = "<group>"; };
		356067D61A2C236B00DB1857 /* ViewController.swift */ = {isa = PBXFileReference; lastKnownFileType = sourcecode.swift; path = ViewController.swift; sourceTree = "<group>"; };
		356067D91A2C236B00DB1857 /* Base */ = {isa = PBXFileReference; lastKnownFileType = file.storyboard; name = Base; path = Base.lproj/Main.storyboard; sourceTree = "<group>"; };
		356067DB1A2C236B00DB1857 /* Images.xcassets */ = {isa = PBXFileReference; lastKnownFileType = folder.assetcatalog; path = Images.xcassets; sourceTree = "<group>"; };
		356067DE1A2C236B00DB1857 /* Base */ = {isa = PBXFileReference; lastKnownFileType = file.xib; name = Base; path = Base.lproj/LaunchScreen.xib; sourceTree = "<group>"; };
		356067E41A2C236B00DB1857 /* ShoeConverterTests.xctest */ = {isa = PBXFileReference; explicitFileType = wrapper.cfbundle; includeInIndex = 0; path = ShoeConverterTests.xctest; sourceTree = BUILT_PRODUCTS_DIR; };
		356067E91A2C236B00DB1857 /* Info.plist */ = {isa = PBXFileReference; lastKnownFileType = text.plist.xml; path = Info.plist; sourceTree = "<group>"; };
		356067EA1A2C236B00DB1857 /* ShoeConverterTests.swift */ = {isa = PBXFileReference; lastKnownFileType = sourcecode.swift; path = ShoeConverterTests.swift; sourceTree = "<group>"; };
/* End PBXFileReference section */

/* Begin PBXFrameworksBuildPhase section */
		356067CC1A2C236B00DB1857 /* Frameworks */ = {
			isa = PBXFrameworksBuildPhase;
			buildActionMask = 2147483647;
			files = (
			);
			runOnlyForDeploymentPostprocessing = 0;
		};
		356067E11A2C236B00DB1857 /* Frameworks */ = {
			isa = PBXFrameworksBuildPhase;
			buildActionMask = 2147483647;
			files = (
			);
			runOnlyForDeploymentPostprocessing = 0;
		};
/* End PBXFrameworksBuildPhase section */

/* Begin PBXGroup section */
		356067C61A2C236B00DB1857 = {
			isa = PBXGroup;
			children = (
				356067D11A2C236B00DB1857 /* ShoeConverter */,
				356067E71A2C236B00DB1857 /* ShoeConverterTests */,
				356067D01A2C236B00DB1857 /* Products */,
			);
			sourceTree = "<group>";
		};
		356067D01A2C236B00DB1857 /* Products */ = {
			isa = PBXGroup;
			children = (
				356067CF1A2C236B00DB1857 /* ShoeConverter.app */,
				356067E41A2C236B00DB1857 /* ShoeConverterTests.xctest */,
			);
			name = Products;
			sourceTree = "<group>";
		};
		356067D11A2C236B00DB1857 /* ShoeConverter */ = {
			isa = PBXGroup;
			children = (
				356067D41A2C236B00DB1857 /* AppDelegate.swift */,
				356067D61A2C236B00DB1857 /* ViewController.swift */,
				356067D81A2C236B00DB1857 /* Main.storyboard */,
				356067DB1A2C236B00DB1857 /* Images.xcassets */,
				356067DD1A2C236B00DB1857 /* LaunchScreen.xib */,
				356067D21A2C236B00DB1857 /* Supporting Files */,
			);
			path = ShoeConverter;
			sourceTree = "<group>";
		};
		356067D21A2C236B00DB1857 /* Supporting Files */ = {
			isa = PBXGroup;
			children = (
				356067D31A2C236B00DB1857 /* Info.plist */,
			);
			name = "Supporting Files";
			sourceTree = "<group>";
		};
		356067E71A2C236B00DB1857 /* ShoeConverterTests */ = {
			isa = PBXGroup;
			children = (
				356067EA1A2C236B00DB1857 /* ShoeConverterTests.swift */,
				356067E81A2C236B00DB1857 /* Supporting Files */,
			);
			path = ShoeConverterTests;
			sourceTree = "<group>";
		};
		356067E81A2C236B00DB1857 /* Supporting Files */ = {
			isa = PBXGroup;
			children = (
				356067E91A2C236B00DB1857 /* Info.plist */,
			);
			name = "Supporting Files";
			sourceTree = "<group>";
		};
/* End PBXGroup section */

/* Begin PBXNativeTarget section */
		356067CE1A2C236B00DB1857 /* ShoeConverter */ = {
			isa = PBXNativeTarget;
			buildConfigurationList = 356067EE1A2C236B00DB1857 /* Build configuration list for PBXNativeTarget "ShoeConverter" */;
			buildPhases = (
				356067CB1A2C236B00DB1857 /* Sources */,
				356067CC1A2C236B00DB1857 /* Frameworks */,
				356067CD1A2C236B00DB1857 /* Resources */,
			);
			buildRules = (
			);
			dependencies = (
			);
			name = ShoeConverter;
			productName = ShoeConverter;
			productReference = 356067CF1A2C236B00DB1857 /* ShoeConverter.app */;
			productType = "com.apple.product-type.application";
		};
		356067E31A2C236B00DB1857 /* ShoeConverterTests */ = {
			isa = PBXNativeTarget;
			buildConfigurationList = 356067F11A2C236B00DB1857 /* Build configuration list for PBXNativeTarget "ShoeConverterTests" */;
			buildPhases = (
				356067E01A2C236B00DB1857 /* Sources */,
				356067E11A2C236B00DB1857 /* Frameworks */,
				356067E21A2C236B00DB1857 /* Resources */,
			);
			buildRules = (
			);
			dependencies = (
				356067E61A2C236B00DB1857 /* PBXTargetDependency */,
			);
			name = ShoeConverterTests;
			productName = ShoeConverterTests;
			productReference = 356067E41A2C236B00DB1857 /* ShoeConverterTests.xctest */;
			productType = "com.apple.product-type.bundle.unit-test";
		};
/* End PBXNativeTarget section */

/* Begin PBXProject section */
		356067C71A2C236B00DB1857 /* Project object */ = {
			isa = PBXProject;
			attributes = {
				LastUpgradeCheck = 0610;
				ORGANIZATIONNAME = "Steven W.";
				TargetAttributes = {
					356067CE1A2C236B00DB1857 = {
						CreatedOnToolsVersion = 6.1;
					};
					356067E31A2C236B00DB1857 = {
						CreatedOnToolsVersion = 6.1;
						TestTargetID = 356067CE1A2C236B00DB1857;
					};
				};
			};
			buildConfigurationList = 356067CA1A2C236B00DB1857 /* Build configuration list for PBXProject "ShoeConverter" */;
			compatibilityVersion = "Xcode 3.2";
			developmentRegion = English;
			hasScannedForEncodings = 0;
			knownRegions = (
				en,
				Base,
			);
			mainGroup = 356067C61A2C236B00DB1857;
			productRefGroup = 356067D01A2C236B00DB1857 /* Products */;
			projectDirPath = "";
			projectRoot = "";
			targets = (
				356067CE1A2C236B00DB1857 /* ShoeConverter */,
				356067E31A2C236B00DB1857 /* ShoeConverterTests */,
			);
		};
/* End PBXProject section */

/* Begin PBXResourcesBuildPhase section */
		356067CD1A2C236B00DB1857 /* Resources */ = {
			isa = PBXResourcesBuildPhase;
			buildActionMask = 2147483647;
			files = (
				356067DA1A2C236B00DB1857 /* Main.storyboard in Resources */,
				356067DF1A2C236B00DB1857 /* LaunchScreen.xib in Resources */,
				356067DC1A2C236B00DB1857 /* Images.xcassets in Resources */,
			);
			runOnlyForDeploymentPostprocessing = 0;
		};
		356067E21A2C236B00DB1857 /* Resources */ = {
			isa = PBXResourcesBuildPhase;
			buildActionMask = 2147483647;
			files = (
			);
			runOnlyForDeploymentPostprocessing = 0;
		};
/* End PBXResourcesBuildPhase section */

/* Begin PBXSourcesBuildPhase section */
		356067CB1A2C236B00DB1857 /* Sources */ = {
			isa = PBXSourcesBuildPhase;
			buildActionMask = 2147483647;
			files = (
				356067D71A2C236B00DB1857 /* ViewController.swift in Sources */,
				356067D51A2C236B00DB1857 /* AppDelegate.swift in Sources */,
			);
			runOnlyForDeploymentPostprocessing = 0;
		};
		356067E01A2C236B00DB1857 /* Sources */ = {
			isa = PBXSourcesBuildPhase;
			buildActionMask = 2147483647;
			files = (
				356067EB1A2C236B00DB1857 /* ShoeConverterTests.swift in Sources */,
			);
			runOnlyForDeploymentPostprocessing = 0;
		};
/* End PBXSourcesBuildPhase section */

/* Begin PBXTargetDependency section */
		356067E61A2C236B00DB1857 /* PBXTargetDependency */ = {
			isa = PBXTargetDependency;
			target = 356067CE1A2C236B00DB1857 /* ShoeConverter */;
			targetProxy = 356067E51A2C236B00DB1857 /* PBXContainerItemProxy */;
		};
/* End PBXTargetDependency section */

/* Begin PBXVariantGroup section */
		356067D81A2C236B00DB1857 /* Main.storyboard */ = {
			isa = PBXVariantGroup;
			children = (
				356067D91A2C236B00DB1857 /* Base */,
			);
			name = Main.storyboard;
			sourceTree = "<group>";
		};
		356067DD1A2C236B00DB1857 /* LaunchScreen.xib */ = {
			isa = PBXVariantGroup;
			children = (
				356067DE1A2C236B00DB1857 /* Base */,
			);
			name = LaunchScreen.xib;
			sourceTree = "<group>";
		};
/* End PBXVariantGroup section */

/* Begin XCBuildConfiguration section */
		356067EC1A2C236B00DB1857 /* Debug */ = {
			isa = XCBuildConfiguration;
			buildSettings = {
				ALWAYS_SEARCH_USER_PATHS = NO;
				CLANG_CXX_LANGUAGE_STANDARD = "gnu++0x";
				CLANG_CXX_LIBRARY = "libc++";
				CLANG_ENABLE_MODULES = YES;
				CLANG_ENABLE_OBJC_ARC = YES;
				CLANG_WARN_BOOL_CONVERSION = YES;
				CLANG_WARN_CONSTANT_CONVERSION = YES;
				CLANG_WARN_DIRECT_OBJC_ISA_USAGE = YES_ERROR;
				CLANG_WARN_EMPTY_BODY = YES;
				CLANG_WARN_ENUM_CONVERSION = YES;
				CLANG_WARN_INT_CONVERSION = YES;
				CLANG_WARN_OBJC_ROOT_CLASS = YES_ERROR;
				CLANG_WARN_UNREACHABLE_CODE = YES;
				CLANG_WARN__DUPLICATE_METHOD_MATCH = YES;
				"CODE_SIGN_IDENTITY[sdk=iphoneos*]" = "iPhone Developer";
				COPY_PHASE_STRIP = NO;
				ENABLE_STRICT_OBJC_MSGSEND = YES;
				GCC_C_LANGUAGE_STANDARD = gnu99;
				GCC_DYNAMIC_NO_PIC = NO;
				GCC_OPTIMIZATION_LEVEL = 0;
				GCC_PREPROCESSOR_DEFINITIONS = (
					"DEBUG=1",
					"$(inherited)",
				);
				GCC_SYMBOLS_PRIVATE_EXTERN = NO;
				GCC_WARN_64_TO_32_BIT_CONVERSION = YES;
				GCC_WARN_ABOUT_RETURN_TYPE = YES_ERROR;
				GCC_WARN_UNDECLARED_SELECTOR = YES;
				GCC_WARN_UNINITIALIZED_AUTOS = YES_AGGRESSIVE;
				GCC_WARN_UNUSED_FUNCTION = YES;
				GCC_WARN_UNUSED_VARIABLE = YES;
				IPHONEOS_DEPLOYMENT_TARGET = 8.1;
				MTL_ENABLE_DEBUG_INFO = YES;
				ONLY_ACTIVE_ARCH = YES;
				SDKROOT = iphoneos;
				SWIFT_OPTIMIZATION_LEVEL = "-Onone";
				TARGETED_DEVICE_FAMILY = "1,2";
			};
			name = Debug;
		};
		356067ED1A2C236B00DB1857 /* Release */ = {
			isa = XCBuildConfiguration;
			buildSettings = {
				ALWAYS_SEARCH_USER_PATHS = NO;
				CLANG_CXX_LANGUAGE_STANDARD = "gnu++0x";
				CLANG_CXX_LIBRARY = "libc++";
				CLANG_ENABLE_MODULES = YES;
				CLANG_ENABLE_OBJC_ARC = YES;
				CLANG_WARN_BOOL_CONVERSION = YES;
				CLANG_WARN_CONSTANT_CONVERSION = YES;
				CLANG_WARN_DIRECT_OBJC_ISA_USAGE = YES_ERROR;
				CLANG_WARN_EMPTY_BODY = YES;
				CLANG_WARN_ENUM_CONVERSION = YES;
				CLANG_WARN_INT_CONVERSION = YES;
				CLANG_WARN_OBJC_ROOT_CLASS = YES_ERROR;
				CLANG_WARN_UNREACHABLE_CODE = YES;
				CLANG_WARN__DUPLICATE_METHOD_MATCH = YES;
				"CODE_SIGN_IDENTITY[sdk=iphoneos*]" = "iPhone Developer";
				COPY_PHASE_STRIP = YES;
				ENABLE_NS_ASSERTIONS = NO;
				ENABLE_STRICT_OBJC_MSGSEND = YES;
				GCC_C_LANGUAGE_STANDARD = gnu99;
				GCC_WARN_64_TO_32_BIT_CONVERSION = YES;
				GCC_WARN_ABOUT_RETURN_TYPE = YES_ERROR;
				GCC_WARN_UNDECLARED_SELECTOR = YES;
				GCC_WARN_UNINITIALIZED_AUTOS = YES_AGGRESSIVE;
				GCC_WARN_UNUSED_FUNCTION = YES;
				GCC_WARN_UNUSED_VARIABLE = YES;
				IPHONEOS_DEPLOYMENT_TARGET = 8.1;
				MTL_ENABLE_DEBUG_INFO = NO;
				SDKROOT = iphoneos;
				TARGETED_DEVICE_FAMILY = "1,2";
				VALIDATE_PRODUCT = YES;
			};
			name = Release;
		};
		356067EF1A2C236B00DB1857 /* Debug */ = {
			isa = XCBuildConfiguration;
			buildSettings = {
				ASSETCATALOG_COMPILER_APPICON_NAME = AppIcon;
				INFOPLIST_FILE = ShoeConverter/Info.plist;
				LD_RUNPATH_SEARCH_PATHS = "$(inherited) @executable_path/Frameworks";
				PRODUCT_NAME = "$(TARGET_NAME)";
			};
			name = Debug;
		};
		356067F01A2C236B00DB1857 /* Release */ = {
			isa = XCBuildConfiguration;
			buildSettings = {
				ASSETCATALOG_COMPILER_APPICON_NAME = AppIcon;
				INFOPLIST_FILE = ShoeConverter/Info.plist;
				LD_RUNPATH_SEARCH_PATHS = "$(inherited) @executable_path/Frameworks";
				PRODUCT_NAME = "$(TARGET_NAME)";
			};
			name = Release;
		};
		356067F21A2C236B00DB1857 /* Debug */ = {
			isa = XCBuildConfiguration;
			buildSettings = {
				BUNDLE_LOADER = "$(TEST_HOST)";
				FRAMEWORK_SEARCH_PATHS = (
					"$(SDKROOT)/Developer/Library/Frameworks",
					"$(inherited)",
				);
				GCC_PREPROCESSOR_DEFINITIONS = (
					"DEBUG=1",
					"$(inherited)",
				);
				INFOPLIST_FILE = ShoeConverterTests/Info.plist;
				LD_RUNPATH_SEARCH_PATHS = "$(inherited) @executable_path/Frameworks @loader_path/Frameworks";
				PRODUCT_NAME = "$(TARGET_NAME)";
				TEST_HOST = "$(BUILT_PRODUCTS_DIR)/ShoeConverter.app/ShoeConverter";
			};
			name = Debug;
		};
		356067F31A2C236B00DB1857 /* Release */ = {
			isa = XCBuildConfiguration;
			buildSettings = {
				BUNDLE_LOADER = "$(TEST_HOST)";
				FRAMEWORK_SEARCH_PATHS = (
					"$(SDKROOT)/Developer/Library/Frameworks",
					"$(inherited)",
				);
				INFOPLIST_FILE = ShoeConverterTests/Info.plist;
				LD_RUNPATH_SEARCH_PATHS = "$(inherited) @executable_path/Frameworks @loader_path/Frameworks";
				PRODUCT_NAME = "$(TARGET_NAME)";
				TEST_HOST = "$(BUILT_PRODUCTS_DIR)/ShoeConverter.app/ShoeConverter";
			};
			name = Release;
		};
/* End XCBuildConfiguration section */

/* Begin XCConfigurationList section */
		356067CA1A2C236B00DB1857 /* Build configuration list for PBXProject "ShoeConverter" */ = {
			isa = XCConfigurationList;
			buildConfigurations = (
				356067EC1A2C236B00DB1857 /* Debug */,
				356067ED1A2C236B00DB1857 /* Release */,
			);
			defaultConfigurationIsVisible = 0;
			defaultConfigurationName = Release;
		};
		356067EE1A2C236B00DB1857 /* Build configuration list for PBXNativeTarget "ShoeConverter" */ = {
			isa = XCConfigurationList;
			buildConfigurations = (
				356067EF1A2C236B00DB1857 /* Debug */,
				356067F01A2C236B00DB1857 /* Release */,
			);
			defaultConfigurationIsVisible = 0;
		};
		356067F11A2C236B00DB1857 /* Build configuration list for PBXNativeTarget "ShoeConverterTests" */ = {
			isa = XCConfigurationList;
			buildConfigurations = (
				356067F21A2C236B00DB1857 /* Debug */,
				356067F31A2C236B00DB1857 /* Release */,
			);
			defaultConfigurationIsVisible = 0;
		};
/* End XCConfigurationList section */
	};
	rootObject = 356067C71A2C236B00DB1857 /* Project object */;
}
